<?xml version="1.0" encoding="utf-8"?>
<Project ToolsVersion="4.0" xmlns="http://schemas.microsoft.com/developer/msbuild/2003">
  <ItemGroup>
    <Filter Include="Source Files">
      <UniqueIdentifier>{4FC737F1-C7A5-4376-A066-2A32D752A2FF}</UniqueIdentifier>
      <Extensions>cpp;c;cc;cxx;def;odl;idl;hpj;bat;asm;asmx</Extensions>
    </Filter>
    <Filter Include="Resource Files">
      <UniqueIdentifier>{67DA6AB6-F800-4c08-8B7A-83BB121AAD01}</UniqueIdentifier>
      <Extensions>rc;ico;cur;bmp;dlg;rc2;rct;bin;rgs;gif;jpg;jpeg;jpe;resx;tiff;tif;png;wav;mfcribbon-ms</Extensions>
    </Filter>
  </ItemGroup>
  <ItemGroup>
    <ClCompile Include="Source\Main.cpp">
      <Filter>Source Files</Filter>
    </ClCompile>
    <ClCompile Include="Source\Car.cpp">
      <Filter>Source Files</Filter>
    </ClCompile>
    <ClCompile Include="Source\Ball.cpp">
      <Filter>Source Files</Filter>
    </ClCompile>
    <ClCompile Include="Source\GameState.cpp">
      <Filter>Source Files</Filter>
    </ClCompile>
    <ClCompile Include="Source\BoostPickup.cpp">
      <Filter>Source Files</Filter>
    </ClCompile>
    <ClCompile Include="Source\Hud.cpp">
      <Filter>Source Files</Filter>
    </ClCompile>
    <ClCompile Include="Source\MenuOption.cpp">
      <Filter>Source Files</Filter>
    </ClCompile>
    <ClCompile Include="Source\MenuPage.cpp">
      <Filter>Source Files</Filter>
    </ClCompile>
    <ClCompile Include="Source\Menu.cpp">
      <Filter>Source Files</Filter>
    </ClCompile>
    <ClCompile Include="Generated\EmbeddedAssets.cpp">
      <Filter>Source Files</Filter>
    </ClCompile>
    <ClCompile Include="Source\Hud3DS.cpp">
      <Filter>Source Files</Filter>
    </ClCompile>
    <ClCompile Include="Source\MatchState.cpp">
      <Filter>Source Files</Filter>
    </ClCompile>
    <ClCompile Include="Source\Rotator.cpp">
      <Filter>Source Files</Filter>
    </ClCompile>
    <ClCompile Include="Generated\EmbeddedScripts.cpp">
      <Filter>Source Files</Filter>
    </ClCompile>
  </ItemGroup>
  <ItemGroup>
    <ClInclude Include="Source\Ball.h">
      <Filter>Source Files</Filter>
    </ClInclude>
    <ClInclude Include="Source\BoostPickup.h">
      <Filter>Source Files</Filter>
    </ClInclude>
    <ClInclude Include="Source\Car.h">
      <Filter>Source Files</Filter>
    </ClInclude>
    <ClInclude Include="Generated\EmbeddedAssets.h">
      <Filter>Source Files</Filter>
    </ClInclude>
    <ClInclude Include="Source\GameState.h">
      <Filter>Source Files</Filter>
    </ClInclude>
    <ClInclude Include="Source\Hud.h">
      <Filter>Source Files</Filter>
    </ClInclude>
    <ClInclude Include="Source\Hud3DS.h">
      <Filter>Source Files</Filter>
    </ClInclude>
    <ClInclude Include="Source\MatchState.h">
      <Filter>Source Files</Filter>
    </ClInclude>
    <ClInclude Include="Source\Menu.h">
      <Filter>Source Files</Filter>
    </ClInclude>
    <ClInclude Include="Source\MenuOption.h">
      <Filter>Source Files</Filter>
    </ClInclude>
    <ClInclude Include="Source\MenuPage.h">
      <Filter>Source Files</Filter>
    </ClInclude>
    <ClInclude Include="Source\RocketConstants.h">
      <Filter>Source Files</Filter>
    </ClInclude>
    <ClInclude Include="Source\RocketTypes.h">
      <Filter>Source Files</Filter>
    </ClInclude>
    <ClInclude Include="Source\Rotator.h">
      <Filter>Source Files</Filter>
    </ClInclude>
  </ItemGroup>
</Project>